
Microsoft Visual Studio Solution File, Format Version 12.00
# Visual Studio Version 17
VisualStudioVersion = 17.14.36414.22 d17.14
MinimumVisualStudioVersion = 10.0.40219.1
Project("{FAE04EC0-301F-11D3-BF4B-00C04F79EFBC}") = "clinicAppointmentMVC", "clinicAppointmentMVC\clinicAppointmentMVC.csproj", "{0B35DE1C-E74C-4A60-A988-BEA43BA2AE40}"
EndProject
Global
	GlobalSection(SolutionConfigurationPlatforms) = preSolution
		Debug|Any CPU = Debug|Any CPU
		Release|Any CPU = Release|Any CPU
	EndGlobalSection
	GlobalSection(ProjectConfigurationPlatforms) = postSolution
		{0B35DE1C-E74C-4A60-A988-BEA43BA2AE40}.Debug|Any CPU.ActiveCfg = Debug|Any CPU
		{0B35DE1C-E74C-4A60-A988-BEA43BA2AE40}.Debug|Any CPU.Build.0 = Debug|Any CPU
		{0B35DE1C-E74C-4A60-A988-BEA43BA2AE40}.Release|Any CPU.ActiveCfg = Release|Any CPU
		{0B35DE1C-E74C-4A60-A988-BEA43BA2AE40}.Release|Any CPU.Build.0 = Release|Any CPU
	EndGlobalSection
	GlobalSection(SolutionProperties) = preSolution
		HideSolutionNode = FALSE
	EndGlobalSection
	GlobalSection(ExtensibilityGlobals) = postSolution
		SolutionGuid = {281E188E-BC77-40F6-A2BF-85E063F35ED9}
	EndGlobalSection
EndGlobal
